{
  "originHash" : "ee6a7089ffadaa560175720ad42461fc0aac30b728324140a50596680dbc2bd1",
  "pins" : [
    {
      "identity" : "splitview",
      "kind" : "remoteSourceControl",
      "location" : "https://github.com/stevengharris/SplitView.git",
      "state" : {
        "revision" : "7737a80740919c2fa94a6e64f870d37ef77b9b5f",
        "version" : "3.5.3"
      }
    }
  ],
  "version" : 3
}
