{
  "originHash" : "7b43813ec8f0b8de84170ebe133e11d9f7b382278e516078b945194fea408711",
  "pins" : [
    {
      "identity" : "aiproxyswift",
      "kind" : "remoteSourceControl",
      "location" : "https://github.com/lzell/AIProxySwift.git",
      "state" : {
        "branch" : "main",
        "revision" : "73cd9aea0275b01118867c50e1168af29a1b0826"
      }
    },
    {
      "identity" : "splitview",
      "kind" : "remoteSourceControl",
      "location" : "https://github.com/stevengharris/SplitView.git",
      "state" : {
        "revision" : "7737a80740919c2fa94a6e64f870d37ef77b9b5f",
        "version" : "3.5.3"
      }
    }
  ],
  "version" : 3
}
